
Microsoft Visual Studio Solution File, Format Version 12.00
# Visual Studio Version 17
VisualStudioVersion = 17.11.35312.102
MinimumVisualStudioVersion = 10.0.40219.1
Project("{FAE04EC0-301F-11D3-BF4B-00C04F79EFBC}") = "ConsoleApp1", "ConsoleApp1.csproj", "{BD459493-BF4B-4CA9-8684-C63700F7DC05}"
EndProject
Global
	GlobalSection(SolutionConfigurationPlatforms) = preSolution
		Debug|Any CPU = Debug|Any CPU
		Release|Any CPU = Release|Any CPU
	EndGlobalSection
	GlobalSection(ProjectConfigurationPlatforms) = postSolution
		{BD459493-BF4B-4CA9-8684-C63700F7DC05}.Debug|Any CPU.ActiveCfg = Debug|Any CPU
		{BD459493-BF4B-4CA9-8684-C63700F7DC05}.Debug|Any CPU.Build.0 = Debug|Any CPU
		{BD459493-BF4B-4CA9-8684-C63700F7DC05}.Release|Any CPU.ActiveCfg = Release|Any CPU
		{BD459493-BF4B-4CA9-8684-C63700F7DC05}.Release|Any CPU.Build.0 = Release|Any CPU
	EndGlobalSection
	GlobalSection(SolutionProperties) = preSolution
		HideSolutionNode = FALSE
	EndGlobalSection
	GlobalSection(ExtensibilityGlobals) = postSolution
		SolutionGuid = {593240A0-414C-4742-B1F4-57FDDE2ED2B8}
	EndGlobalSection
EndGlobal
